
Microsoft Visual Studio Solution File, Format Version 12.00
# Visual Studio Version 17
VisualStudioVersion = 17.11.35312.102
MinimumVisualStudioVersion = 10.0.40219.1
Project("{FAE04EC0-301F-11D3-BF4B-00C04F79EFBC}") = "02_CristinaSanchez_GestorCatalogo", "02_CristinaSanchez_GestorCatalogo.csproj", "{4D489125-7745-4493-9B53-D92417A978C8}"
EndProject
Global
	GlobalSection(SolutionConfigurationPlatforms) = preSolution
		Debug|Any CPU = Debug|Any CPU
		Release|Any CPU = Release|Any CPU
	EndGlobalSection
	GlobalSection(ProjectConfigurationPlatforms) = postSolution
		{4D489125-7745-4493-9B53-D92417A978C8}.Debug|Any CPU.ActiveCfg = Debug|Any CPU
		{4D489125-7745-4493-9B53-D92417A978C8}.Debug|Any CPU.Build.0 = Debug|Any CPU
		{4D489125-7745-4493-9B53-D92417A978C8}.Release|Any CPU.ActiveCfg = Release|Any CPU
		{4D489125-7745-4493-9B53-D92417A978C8}.Release|Any CPU.Build.0 = Release|Any CPU
	EndGlobalSection
	GlobalSection(SolutionProperties) = preSolution
		HideSolutionNode = FALSE
	EndGlobalSection
	GlobalSection(ExtensibilityGlobals) = postSolution
		SolutionGuid = {D03DF3F1-CE71-44D9-A44B-57D24EF4D6FD}
	EndGlobalSection
EndGlobal
